<?xml version="1.0" encoding="utf-8"?>
<Project ToolsVersion="4.0" xmlns="http://schemas.microsoft.com/developer/msbuild/2003">
  <ItemGroup>
    <Filter Include="소스 파일">
      <UniqueIdentifier>{4FC737F1-C7A5-4376-A066-2A32D752A2FF}</UniqueIdentifier>
      <Extensions>cpp;c;cc;cxx;c++;def;odl;idl;hpj;bat;asm;asmx</Extensions>
    </Filter>
    <Filter Include="헤더 파일">
      <UniqueIdentifier>{93995380-89BD-4b04-88EB-625FBE52EBFB}</UniqueIdentifier>
      <Extensions>h;hh;hpp;hxx;h++;hm;inl;inc;ipp;xsd</Extensions>
    </Filter>
    <Filter Include="리소스 파일">
      <UniqueIdentifier>{67DA6AB6-F800-4c08-8B7A-83BB121AAD01}</UniqueIdentifier>
      <Extensions>rc;ico;cur;bmp;dlg;rc2;rct;bin;rgs;gif;jpg;jpeg;jpe;resx;tiff;tif;png;wav;mfcribbon-ms</Extensions>
    </Filter>
    <Filter Include="CircleQueue">
      <UniqueIdentifier>{3a53b604-94e2-4138-81f3-212055cae9c1}</UniqueIdentifier>
    </Filter>
    <Filter Include="LinearQueue">
      <UniqueIdentifier>{5db8e429-fab8-48a9-afac-e4e3467a12b8}</UniqueIdentifier>
    </Filter>
    <Filter Include="NodeList">
      <UniqueIdentifier>{fa8d07c7-fd72-4215-a25d-f19f32c07780}</UniqueIdentifier>
    </Filter>
    <Filter Include="RingBuffer">
      <UniqueIdentifier>{5c8b00dc-2228-429f-a1b0-94cc2987a418}</UniqueIdentifier>
    </Filter>
    <Filter Include="SerializeClass">
      <UniqueIdentifier>{d5dd9817-4f55-4911-882f-6e2d4d3ae625}</UniqueIdentifier>
    </Filter>
    <Filter Include="MemoryManager">
      <UniqueIdentifier>{c3945857-0a62-4557-9d18-4145e1fcd745}</UniqueIdentifier>
    </Filter>
    <Filter Include="Tree">
      <UniqueIdentifier>{5e0578a9-3dec-4f64-b262-6b92c69a6a3a}</UniqueIdentifier>
    </Filter>
    <Filter Include="String">
      <UniqueIdentifier>{a4e4ce1c-7b1a-4b8d-b508-6ff96ccdf410}</UniqueIdentifier>
    </Filter>
    <Filter Include="PathFinder">
      <UniqueIdentifier>{e17d86cd-22c7-48d3-b40e-15a1201162d0}</UniqueIdentifier>
    </Filter>
    <Filter Include="BresenhamDrawLine">
      <UniqueIdentifier>{187cc298-c59b-4b96-a166-639d263b046d}</UniqueIdentifier>
    </Filter>
    <Filter Include="PerfomanceCounter">
      <UniqueIdentifier>{36d83c20-4720-4a65-8480-59bb504c6625}</UniqueIdentifier>
    </Filter>
    <Filter Include="FileManager">
      <UniqueIdentifier>{51da4a2c-b8c2-4039-a0f0-45a91041bf1d}</UniqueIdentifier>
    </Filter>
    <Filter Include="LogManager">
      <UniqueIdentifier>{0c549082-e431-4f7b-82ce-cbfa84625079}</UniqueIdentifier>
    </Filter>
    <Filter Include="IOCPNetLib">
      <UniqueIdentifier>{2c557ab4-cdd0-48fc-a569-165ea8218ebe}</UniqueIdentifier>
    </Filter>
    <Filter Include="CrashDump">
      <UniqueIdentifier>{0155e01f-93f5-4257-906c-09eeb4ec88dd}</UniqueIdentifier>
    </Filter>
    <Filter Include="SSECommandManager">
      <UniqueIdentifier>{12866433-8415-486b-a853-04817ad54d3c}</UniqueIdentifier>
    </Filter>
  </ItemGroup>
  <ItemGroup>
    <ClCompile Include="CustomList.cpp">
      <Filter>NodeList</Filter>
    </ClCompile>
    <ClCompile Include="CustomQueue.cpp">
      <Filter>LinearQueue</Filter>
    </ClCompile>
    <ClCompile Include="CircleQueue.cpp">
      <Filter>CircleQueue</Filter>
    </ClCompile>
    <ClCompile Include="RingBuffer.cpp">
      <Filter>RingBuffer</Filter>
    </ClCompile>
    <ClCompile Include="ImplicitFreeList.cpp">
      <Filter>MemoryManager</Filter>
    </ClCompile>
    <ClCompile Include="ExplicitListFree.cpp">
      <Filter>MemoryManager</Filter>
    </ClCompile>
    <ClCompile Include="memlib.c">
      <Filter>MemoryManager</Filter>
    </ClCompile>
    <ClCompile Include="BlockManager.cpp">
      <Filter>MemoryManager</Filter>
    </ClCompile>
    <ClCompile Include="BasicBinaryTree.cpp">
      <Filter>Tree</Filter>
    </ClCompile>
    <ClCompile Include="RedBlackTree.cpp">
      <Filter>Tree</Filter>
    </ClCompile>
    <ClCompile Include="AStarPathFinder.cpp">
      <Filter>PathFinder</Filter>
    </ClCompile>
    <ClCompile Include="JumpPointPathFinder.cpp">
      <Filter>PathFinder</Filter>
    </ClCompile>
    <ClCompile Include="Bresenham2D.cpp">
      <Filter>BresenhamDrawLine</Filter>
    </ClCompile>
    <ClCompile Include="RingBufferEx.cpp">
      <Filter>RingBuffer</Filter>
    </ClCompile>
    <ClCompile Include="PerformanceCounter.cpp">
      <Filter>PerfomanceCounter</Filter>
    </ClCompile>
    <ClCompile Include="FileManager.cpp">
      <Filter>FileManager</Filter>
    </ClCompile>
    <ClCompile Include="PerformanceProfiler.cpp">
      <Filter>PerfomanceCounter</Filter>
    </ClCompile>
    <ClCompile Include="LogManager.cpp">
      <Filter>LogManager</Filter>
    </ClCompile>
    <ClCompile Include="CLanClient.cpp">
      <Filter>IOCPNetLib</Filter>
    </ClCompile>
    <ClCompile Include="CLanServer.cpp">
      <Filter>IOCPNetLib</Filter>
    </ClCompile>
    <ClCompile Include="CSession.cpp">
      <Filter>IOCPNetLib</Filter>
    </ClCompile>
    <ClCompile Include="CCrashDump.cpp">
      <Filter>CrashDump</Filter>
    </ClCompile>
    <ClCompile Include="CPacket.cpp">
      <Filter>IOCPNetLib</Filter>
    </ClCompile>
    <ClCompile Include="CPacketPtr.cpp">
      <Filter>IOCPNetLib</Filter>
    </ClCompile>
    <ClCompile Include="stdafx.cpp">
      <Filter>소스 파일</Filter>
    </ClCompile>
    <ClCompile Include="CNetServer.cpp">
      <Filter>IOCPNetLib</Filter>
    </ClCompile>
    <ClCompile Include="CProfiler.cpp">
      <Filter>PerfomanceCounter</Filter>
    </ClCompile>
    <ClCompile Include="CLockFreeMemoryPool.cpp">
      <Filter>MemoryManager</Filter>
    </ClCompile>
    <ClCompile Include="CLockFreeQueue.cpp">
      <Filter>MemoryManager</Filter>
    </ClCompile>
    <ClCompile Include="CLockFreeStack.cpp">
      <Filter>MemoryManager</Filter>
    </ClCompile>
    <ClCompile Include="CMemoryPoolTLS.cpp">
      <Filter>MemoryManager</Filter>
    </ClCompile>
    <ClCompile Include="main.cpp">
      <Filter>소스 파일</Filter>
    </ClCompile>
    <ClCompile Include="SerializationBuffer.cpp">
      <Filter>SerializeClass</Filter>
    </ClCompile>
  </ItemGroup>
  <ItemGroup>
    <ClInclude Include="CustomList.h">
      <Filter>NodeList</Filter>
    </ClInclude>
    <ClInclude Include="CustomQueue.h">
      <Filter>LinearQueue</Filter>
    </ClInclude>
    <ClInclude Include="CircleQueue.h">
      <Filter>CircleQueue</Filter>
    </ClInclude>
    <ClInclude Include="RingBuffer.h">
      <Filter>RingBuffer</Filter>
    </ClInclude>
    <ClInclude Include="ImplicitFreeList.h">
      <Filter>MemoryManager</Filter>
    </ClInclude>
    <ClInclude Include="ExplicitFreeList.h">
      <Filter>MemoryManager</Filter>
    </ClInclude>
    <ClInclude Include="mm_naive.h">
      <Filter>MemoryManager</Filter>
    </ClInclude>
    <ClInclude Include="memlib.h">
      <Filter>MemoryManager</Filter>
    </ClInclude>
    <ClInclude Include="BlockManager.h">
      <Filter>MemoryManager</Filter>
    </ClInclude>
    <ClInclude Include="FormatStringSample1.h">
      <Filter>String</Filter>
    </ClInclude>
    <ClInclude Include="FromatStringSample2.h">
      <Filter>String</Filter>
    </ClInclude>
    <ClInclude Include="ConvertUnicodetoAnsiString.h">
      <Filter>String</Filter>
    </ClInclude>
    <ClInclude Include="BasicBinaryTree.h">
      <Filter>Tree</Filter>
    </ClInclude>
    <ClInclude Include="RedBlackTree.h">
      <Filter>Tree</Filter>
    </ClInclude>
    <ClInclude Include="AStarPathFinder.h">
      <Filter>PathFinder</Filter>
    </ClInclude>
    <ClInclude Include="JumpPointPathFinder.h">
      <Filter>PathFinder</Filter>
    </ClInclude>
    <ClInclude Include="Bresenham2D.h">
      <Filter>BresenhamDrawLine</Filter>
    </ClInclude>
    <ClInclude Include="RingBufferEx.h">
      <Filter>RingBuffer</Filter>
    </ClInclude>
    <ClInclude Include="PerformanceCounter.h">
      <Filter>PerfomanceCounter</Filter>
    </ClInclude>
    <ClInclude Include="FileManager.h">
      <Filter>FileManager</Filter>
    </ClInclude>
    <ClInclude Include="PerformanceProfiler.h">
      <Filter>PerfomanceCounter</Filter>
    </ClInclude>
    <ClInclude Include="LogManager.h">
      <Filter>LogManager</Filter>
    </ClInclude>
    <ClInclude Include="CLanClient.h">
      <Filter>IOCPNetLib</Filter>
    </ClInclude>
    <ClInclude Include="CLanServer.h">
      <Filter>IOCPNetLib</Filter>
    </ClInclude>
    <ClInclude Include="CSession.h">
      <Filter>IOCPNetLib</Filter>
    </ClInclude>
    <ClInclude Include="CCrashDump.h">
      <Filter>CrashDump</Filter>
    </ClInclude>
    <ClInclude Include="CPacket.h">
      <Filter>IOCPNetLib</Filter>
    </ClInclude>
    <ClInclude Include="CPacketPtr.h">
      <Filter>IOCPNetLib</Filter>
    </ClInclude>
    <ClInclude Include="stdafx.h">
      <Filter>헤더 파일</Filter>
    </ClInclude>
    <ClInclude Include="CNetServer.h">
      <Filter>IOCPNetLib</Filter>
    </ClInclude>
    <ClInclude Include="CProfiler.h">
      <Filter>PerfomanceCounter</Filter>
    </ClInclude>
    <ClInclude Include="CLockFreeMemoryPool.h">
      <Filter>MemoryManager</Filter>
    </ClInclude>
    <ClInclude Include="CLockFreeQueue.h">
      <Filter>MemoryManager</Filter>
    </ClInclude>
    <ClInclude Include="CLockFreeStack.h">
      <Filter>MemoryManager</Filter>
    </ClInclude>
    <ClInclude Include="CMemoryPoolTLS.h">
      <Filter>MemoryManager</Filter>
    </ClInclude>
    <ClInclude Include="SerializationBuffer.h">
      <Filter>SerializeClass</Filter>
    </ClInclude>
  </ItemGroup>
</Project>